// !$*UTF8*$!
{
	archiveVersion = 1;
	classes = {
	};
	objectVersion = 56;
	objects = {

/* Begin PBXBuildFile section */
		A9C86D752C359EB400FFACC8 /* GuidomiaApp.swift in Sources */ = {isa = PBXBuildFile; fileRef = A9C86D742C359EB400FFACC8 /* GuidomiaApp.swift */; };
		A9C86D7D2C359EB500FFACC8 /* PreviewAssets.xcassets in Resources */ = {isa = PBXBuildFile; fileRef = A9C86D7C2C359EB500FFACC8 /* PreviewAssets.xcassets */; };
		A9C86D872C359EB500FFACC8 /* GuidomiaTests.swift in Sources */ = {isa = PBXBuildFile; fileRef = A9C86D862C359EB500FFACC8 /* GuidomiaTests.swift */; };
		A9C86D912C359EB500FFACC8 /* GuidomiaUITests.swift in Sources */ = {isa = PBXBuildFile; fileRef = A9C86D902C359EB500FFACC8 /* GuidomiaUITests.swift */; };
		A9C86D932C359EB500FFACC8 /* GuidomiaUITestsLaunchTests.swift in Sources */ = {isa = PBXBuildFile; fileRef = A9C86D922C359EB500FFACC8 /* GuidomiaUITestsLaunchTests.swift */; };
		A9C86DA62C35A35600FFACC8 /* ContentView.swift in Sources */ = {isa = PBXBuildFile; fileRef = A9C86DA32C35A35600FFACC8 /* ContentView.swift */; };
		A9C86DA92C35A82700FFACC8 /* Images.xcassets in Resources */ = {isa = PBXBuildFile; fileRef = A9C86DA82C35A82700FFACC8 /* Images.xcassets */; };
		A9C86DAB2C35A84000FFACC8 /* Colors.xcassets in Resources */ = {isa = PBXBuildFile; fileRef = A9C86DAA2C35A84000FFACC8 /* Colors.xcassets */; };
		A9C86DAD2C35A8A000FFACC8 /* Localizable.strings in Resources */ = {isa = PBXBuildFile; fileRef = A9C86DAC2C35A8A000FFACC8 /* Localizable.strings */; };
		A9C86DB72C35AF7A00FFACC8 /* Assets+Generated.swift in Sources */ = {isa = PBXBuildFile; fileRef = A9C86DB42C35AF7A00FFACC8 /* Assets+Generated.swift */; };
		A9C86DB82C35AF7A00FFACC8 /* Strings+Generated.swift in Sources */ = {isa = PBXBuildFile; fileRef = A9C86DB52C35AF7A00FFACC8 /* Strings+Generated.swift */; };
		A9C86DB92C35AF7A00FFACC8 /* Fonts+Generated.swift in Sources */ = {isa = PBXBuildFile; fileRef = A9C86DB62C35AF7A00FFACC8 /* Fonts+Generated.swift */; };
		A9C86DBC2C35B33900FFACC8 /* car_list.json in Resources */ = {isa = PBXBuildFile; fileRef = A9C86DBB2C35B33900FFACC8 /* car_list.json */; };
		A9C86DC12C35B6E700FFACC8 /* Constants.swift in Sources */ = {isa = PBXBuildFile; fileRef = A9C86DC02C35B6E700FFACC8 /* Constants.swift */; };
		A9C86DC32C35B6FC00FFACC8 /* Helpers.swift in Sources */ = {isa = PBXBuildFile; fileRef = A9C86DC22C35B6FC00FFACC8 /* Helpers.swift */; };
/* End PBXBuildFile section */

/* Begin PBXContainerItemProxy section */
		A9C86D832C359EB500FFACC8 /* PBXContainerItemProxy */ = {
			isa = PBXContainerItemProxy;
			containerPortal = A9C86D692C359EB400FFACC8 /* Project object */;
			proxyType = 1;
			remoteGlobalIDString = A9C86D702C359EB400FFACC8;
			remoteInfo = Guidomia;
		};
		A9C86D8D2C359EB500FFACC8 /* PBXContainerItemProxy */ = {
			isa = PBXContainerItemProxy;
			containerPortal = A9C86D692C359EB400FFACC8 /* Project object */;
			proxyType = 1;
			remoteGlobalIDString = A9C86D702C359EB400FFACC8;
			remoteInfo = Guidomia;
		};
/* End PBXContainerItemProxy section */

/* Begin PBXFileReference section */
		A9C86D712C359EB400FFACC8 /* Guidomia.app */ = {isa = PBXFileReference; explicitFileType = wrapper.application; includeInIndex = 0; path = Guidomia.app; sourceTree = BUILT_PRODUCTS_DIR; };
		A9C86D742C359EB400FFACC8 /* GuidomiaApp.swift */ = {isa = PBXFileReference; lastKnownFileType = sourcecode.swift; path = GuidomiaApp.swift; sourceTree = "<group>"; };
		A9C86D7A2C359EB500FFACC8 /* Guidomia.entitlements */ = {isa = PBXFileReference; lastKnownFileType = text.plist.entitlements; path = Guidomia.entitlements; sourceTree = "<group>"; };
		A9C86D7C2C359EB500FFACC8 /* PreviewAssets.xcassets */ = {isa = PBXFileReference; lastKnownFileType = folder.assetcatalog; path = PreviewAssets.xcassets; sourceTree = "<group>"; };
		A9C86D822C359EB500FFACC8 /* GuidomiaTests.xctest */ = {isa = PBXFileReference; explicitFileType = wrapper.cfbundle; includeInIndex = 0; path = GuidomiaTests.xctest; sourceTree = BUILT_PRODUCTS_DIR; };
		A9C86D862C359EB500FFACC8 /* GuidomiaTests.swift */ = {isa = PBXFileReference; lastKnownFileType = sourcecode.swift; path = GuidomiaTests.swift; sourceTree = "<group>"; };
		A9C86D8C2C359EB500FFACC8 /* GuidomiaUITests.xctest */ = {isa = PBXFileReference; explicitFileType = wrapper.cfbundle; includeInIndex = 0; path = GuidomiaUITests.xctest; sourceTree = BUILT_PRODUCTS_DIR; };
		A9C86D902C359EB500FFACC8 /* GuidomiaUITests.swift */ = {isa = PBXFileReference; lastKnownFileType = sourcecode.swift; path = GuidomiaUITests.swift; sourceTree = "<group>"; };
		A9C86D922C359EB500FFACC8 /* GuidomiaUITestsLaunchTests.swift */ = {isa = PBXFileReference; lastKnownFileType = sourcecode.swift; path = GuidomiaUITestsLaunchTests.swift; sourceTree = "<group>"; };
		A9C86DA32C35A35600FFACC8 /* ContentView.swift */ = {isa = PBXFileReference; fileEncoding = 4; lastKnownFileType = sourcecode.swift; path = ContentView.swift; sourceTree = "<group>"; };
		A9C86DA82C35A82700FFACC8 /* Images.xcassets */ = {isa = PBXFileReference; lastKnownFileType = folder.assetcatalog; path = Images.xcassets; sourceTree = "<group>"; };
		A9C86DAA2C35A84000FFACC8 /* Colors.xcassets */ = {isa = PBXFileReference; lastKnownFileType = folder.assetcatalog; path = Colors.xcassets; sourceTree = "<group>"; };
		A9C86DAC2C35A8A000FFACC8 /* Localizable.strings */ = {isa = PBXFileReference; lastKnownFileType = text.plist.strings; path = Localizable.strings; sourceTree = "<group>"; };
		A9C86DB42C35AF7A00FFACC8 /* Assets+Generated.swift */ = {isa = PBXFileReference; fileEncoding = 4; lastKnownFileType = sourcecode.swift; path = "Assets+Generated.swift"; sourceTree = "<group>"; };
		A9C86DB52C35AF7A00FFACC8 /* Strings+Generated.swift */ = {isa = PBXFileReference; fileEncoding = 4; lastKnownFileType = sourcecode.swift; path = "Strings+Generated.swift"; sourceTree = "<group>"; };
		A9C86DB62C35AF7A00FFACC8 /* Fonts+Generated.swift */ = {isa = PBXFileReference; fileEncoding = 4; lastKnownFileType = sourcecode.swift; path = "Fonts+Generated.swift"; sourceTree = "<group>"; };
		A9C86DBB2C35B33900FFACC8 /* car_list.json */ = {isa = PBXFileReference; lastKnownFileType = text.json; path = car_list.json; sourceTree = "<group>"; };
		A9C86DC02C35B6E700FFACC8 /* Constants.swift */ = {isa = PBXFileReference; lastKnownFileType = sourcecode.swift; path = Constants.swift; sourceTree = "<group>"; };
		A9C86DC22C35B6FC00FFACC8 /* Helpers.swift */ = {isa = PBXFileReference; lastKnownFileType = sourcecode.swift; path = Helpers.swift; sourceTree = "<group>"; };
/* End PBXFileReference section */

/* Begin PBXFrameworksBuildPhase section */
		A9C86D6E2C359EB400FFACC8 /* Frameworks */ = {
			isa = PBXFrameworksBuildPhase;
			buildActionMask = 2147483647;
			files = (
			);
			runOnlyForDeploymentPostprocessing = 0;
		};
		A9C86D7F2C359EB500FFACC8 /* Frameworks */ = {
			isa = PBXFrameworksBuildPhase;
			buildActionMask = 2147483647;
			files = (
			);
			runOnlyForDeploymentPostprocessing = 0;
		};
		A9C86D892C359EB500FFACC8 /* Frameworks */ = {
			isa = PBXFrameworksBuildPhase;
			buildActionMask = 2147483647;
			files = (
			);
			runOnlyForDeploymentPostprocessing = 0;
		};
/* End PBXFrameworksBuildPhase section */

/* Begin PBXGroup section */
		A9C86D682C359EB400FFACC8 = {
			isa = PBXGroup;
			children = (
				A9C86D732C359EB400FFACC8 /* Guidomia */,
				A9C86D852C359EB500FFACC8 /* GuidomiaTests */,
				A9C86D8F2C359EB500FFACC8 /* GuidomiaUITests */,
				A9C86D722C359EB400FFACC8 /* Products */,
			);
			sourceTree = "<group>";
		};
		A9C86D722C359EB400FFACC8 /* Products */ = {
			isa = PBXGroup;
			children = (
				A9C86D712C359EB400FFACC8 /* Guidomia.app */,
				A9C86D822C359EB500FFACC8 /* GuidomiaTests.xctest */,
				A9C86D8C2C359EB500FFACC8 /* GuidomiaUITests.xctest */,
			);
			name = Products;
			sourceTree = "<group>";
		};
		A9C86D732C359EB400FFACC8 /* Guidomia */ = {
			isa = PBXGroup;
			children = (
				A9C86D7A2C359EB500FFACC8 /* Guidomia.entitlements */,
				A9C86D742C359EB400FFACC8 /* GuidomiaApp.swift */,
				A9C86DA42C35A35600FFACC8 /* Common */,
				A9C86DA22C35A35600FFACC8 /* Screens */,
				A9C86DBD2C35B36800FFACC8 /* Utils */,
				A9C86DA02C35A35600FFACC8 /* Resources */,
				A9C86D7B2C359EB500FFACC8 /* PreviewContent */,
				A9C86DB32C35AF7A00FFACC8 /* Generated */,
			);
			path = Guidomia;
			sourceTree = "<group>";
		};
		A9C86D7B2C359EB500FFACC8 /* PreviewContent */ = {
			isa = PBXGroup;
			children = (
				A9C86DBA2C35B30900FFACC8 /* JSON */,
				A9C86D7C2C359EB500FFACC8 /* PreviewAssets.xcassets */,
			);
			path = PreviewContent;
			sourceTree = "<group>";
		};
		A9C86D852C359EB500FFACC8 /* GuidomiaTests */ = {
			isa = PBXGroup;
			children = (
				A9C86D862C359EB500FFACC8 /* GuidomiaTests.swift */,
			);
			path = GuidomiaTests;
			sourceTree = "<group>";
		};
		A9C86D8F2C359EB500FFACC8 /* GuidomiaUITests */ = {
			isa = PBXGroup;
			children = (
				A9C86D902C359EB500FFACC8 /* GuidomiaUITests.swift */,
				A9C86D922C359EB500FFACC8 /* GuidomiaUITestsLaunchTests.swift */,
			);
			path = GuidomiaUITests;
			sourceTree = "<group>";
		};
		A9C86DA02C35A35600FFACC8 /* Resources */ = {
			isa = PBXGroup;
			children = (
				A9C86DA82C35A82700FFACC8 /* Images.xcassets */,
				A9C86DAA2C35A84000FFACC8 /* Colors.xcassets */,
				A9C86DA72C35A82700FFACC8 /* Fonts */,
				A9C86DAC2C35A8A000FFACC8 /* Localizable.strings */,
			);
			path = Resources;
			sourceTree = "<group>";
		};
		A9C86DA22C35A35600FFACC8 /* Screens */ = {
			isa = PBXGroup;
			children = (
				A9C86DA32C35A35600FFACC8 /* ContentView.swift */,
			);
			path = Screens;
			sourceTree = "<group>";
		};
		A9C86DA42C35A35600FFACC8 /* Common */ = {
			isa = PBXGroup;
			children = (
				A9C86DBE2C35B3BF00FFACC8 /* Models */,
				A9C86DBF2C35B3C700FFACC8 /* Views */,
			);
			path = Common;
			sourceTree = "<group>";
		};
		A9C86DA72C35A82700FFACC8 /* Fonts */ = {
			isa = PBXGroup;
			children = (
			);
			path = Fonts;
			sourceTree = "<group>";
		};
		A9C86DB32C35AF7A00FFACC8 /* Generated */ = {
			isa = PBXGroup;
			children = (
				A9C86DB42C35AF7A00FFACC8 /* Assets+Generated.swift */,
				A9C86DB52C35AF7A00FFACC8 /* Strings+Generated.swift */,
				A9C86DB62C35AF7A00FFACC8 /* Fonts+Generated.swift */,
			);
			path = Generated;
			sourceTree = "<group>";
		};
		A9C86DBA2C35B30900FFACC8 /* JSON */ = {
			isa = PBXGroup;
			children = (
				A9C86DBB2C35B33900FFACC8 /* car_list.json */,
			);
			path = JSON;
			sourceTree = "<group>";
		};
		A9C86DBD2C35B36800FFACC8 /* Utils */ = {
			isa = PBXGroup;
			children = (
				A9C86DC02C35B6E700FFACC8 /* Constants.swift */,
				A9C86DC22C35B6FC00FFACC8 /* Helpers.swift */,
			);
			path = Utils;
			sourceTree = "<group>";
		};
		A9C86DBE2C35B3BF00FFACC8 /* Models */ = {
			isa = PBXGroup;
			children = (
			);
			path = Models;
			sourceTree = "<group>";
		};
		A9C86DBF2C35B3C700FFACC8 /* Views */ = {
			isa = PBXGroup;
			children = (
			);
			path = Views;
			sourceTree = "<group>";
		};
/* End PBXGroup section */

/* Begin PBXNativeTarget section */
		A9C86D702C359EB400FFACC8 /* Guidomia */ = {
			isa = PBXNativeTarget;
			buildConfigurationList = A9C86D962C359EB500FFACC8 /* Build configuration list for PBXNativeTarget "Guidomia" */;
			buildPhases = (
				A9C86D6D2C359EB400FFACC8 /* Sources */,
				A9C86DAE2C35ABDD00FFACC8 /* Generate SwiftGen Resources */,
				A9C86D6E2C359EB400FFACC8 /* Frameworks */,
				A9C86D6F2C359EB400FFACC8 /* Resources */,
			);
			buildRules = (
			);
			dependencies = (
			);
			name = Guidomia;
			packageProductDependencies = (
			);
			productName = Guidomia;
			productReference = A9C86D712C359EB400FFACC8 /* Guidomia.app */;
			productType = "com.apple.product-type.application";
		};
		A9C86D812C359EB500FFACC8 /* GuidomiaTests */ = {
			isa = PBXNativeTarget;
			buildConfigurationList = A9C86D992C359EB500FFACC8 /* Build configuration list for PBXNativeTarget "GuidomiaTests" */;
			buildPhases = (
				A9C86D7E2C359EB500FFACC8 /* Sources */,
				A9C86D7F2C359EB500FFACC8 /* Frameworks */,
				A9C86D802C359EB500FFACC8 /* Resources */,
			);
			buildRules = (
			);
			dependencies = (
				A9C86D842C359EB500FFACC8 /* PBXTargetDependency */,
			);
			name = GuidomiaTests;
			productName = GuidomiaTests;
			productReference = A9C86D822C359EB500FFACC8 /* GuidomiaTests.xctest */;
			productType = "com.apple.product-type.bundle.unit-test";
		};
		A9C86D8B2C359EB500FFACC8 /* GuidomiaUITests */ = {
			isa = PBXNativeTarget;
			buildConfigurationList = A9C86D9C2C359EB500FFACC8 /* Build configuration list for PBXNativeTarget "GuidomiaUITests" */;
			buildPhases = (
				A9C86D882C359EB500FFACC8 /* Sources */,
				A9C86D892C359EB500FFACC8 /* Frameworks */,
				A9C86D8A2C359EB500FFACC8 /* Resources */,
			);
			buildRules = (
			);
			dependencies = (
				A9C86D8E2C359EB500FFACC8 /* PBXTargetDependency */,
			);
			name = GuidomiaUITests;
			productName = GuidomiaUITests;
			productReference = A9C86D8C2C359EB500FFACC8 /* GuidomiaUITests.xctest */;
			productType = "com.apple.product-type.bundle.ui-testing";
		};
/* End PBXNativeTarget section */

/* Begin PBXProject section */
		A9C86D692C359EB400FFACC8 /* Project object */ = {
			isa = PBXProject;
			attributes = {
				BuildIndependentTargetsInParallel = 1;
				LastSwiftUpdateCheck = 1520;
				LastUpgradeCheck = 1520;
				TargetAttributes = {
					A9C86D702C359EB400FFACC8 = {
						CreatedOnToolsVersion = 15.2;
					};
					A9C86D812C359EB500FFACC8 = {
						CreatedOnToolsVersion = 15.2;
						TestTargetID = A9C86D702C359EB400FFACC8;
					};
					A9C86D8B2C359EB500FFACC8 = {
						CreatedOnToolsVersion = 15.2;
						TestTargetID = A9C86D702C359EB400FFACC8;
					};
				};
			};
			buildConfigurationList = A9C86D6C2C359EB400FFACC8 /* Build configuration list for PBXProject "Guidomia" */;
			compatibilityVersion = "Xcode 14.0";
			developmentRegion = en;
			hasScannedForEncodings = 0;
			knownRegions = (
				en,
				Base,
			);
			mainGroup = A9C86D682C359EB400FFACC8;
			packageReferences = (
			);
			productRefGroup = A9C86D722C359EB400FFACC8 /* Products */;
			projectDirPath = "";
			projectRoot = "";
			targets = (
				A9C86D702C359EB400FFACC8 /* Guidomia */,
				A9C86D812C359EB500FFACC8 /* GuidomiaTests */,
				A9C86D8B2C359EB500FFACC8 /* GuidomiaUITests */,
			);
		};
/* End PBXProject section */

/* Begin PBXResourcesBuildPhase section */
		A9C86D6F2C359EB400FFACC8 /* Resources */ = {
			isa = PBXResourcesBuildPhase;
			buildActionMask = 2147483647;
			files = (
				A9C86DAB2C35A84000FFACC8 /* Colors.xcassets in Resources */,
				A9C86DAD2C35A8A000FFACC8 /* Localizable.strings in Resources */,
				A9C86DA92C35A82700FFACC8 /* Images.xcassets in Resources */,
				A9C86D7D2C359EB500FFACC8 /* PreviewAssets.xcassets in Resources */,
				A9C86DBC2C35B33900FFACC8 /* car_list.json in Resources */,
			);
			runOnlyForDeploymentPostprocessing = 0;
		};
		A9C86D802C359EB500FFACC8 /* Resources */ = {
			isa = PBXResourcesBuildPhase;
			buildActionMask = 2147483647;
			files = (
			);
			runOnlyForDeploymentPostprocessing = 0;
		};
		A9C86D8A2C359EB500FFACC8 /* Resources */ = {
			isa = PBXResourcesBuildPhase;
			buildActionMask = 2147483647;
			files = (
			);
			runOnlyForDeploymentPostprocessing = 0;
		};
/* End PBXResourcesBuildPhase section */

/* Begin PBXShellScriptBuildPhase section */
		A9C86DAE2C35ABDD00FFACC8 /* Generate SwiftGen Resources */ = {
			isa = PBXShellScriptBuildPhase;
			buildActionMask = 2147483647;
			files = (
			);
			inputFileListPaths = (
			);
			inputPaths = (
			);
			name = "Generate SwiftGen Resources";
			outputFileListPaths = (
			);
			outputPaths = (
			);
			runOnlyForDeploymentPostprocessing = 0;
			shellPath = /bin/sh;
			shellScript = "export PATH=\"$PATH:/opt/homebrew/bin\"\n\nif which swiftgen > /dev/null; then\n  swiftgen config run --config swiftgen.yml\nelse\n  echo \"warning: SwiftGen not installed, download it from https://github.com/SwiftGen/SwiftGen\"\nfi\n\n";
		};
/* End PBXShellScriptBuildPhase section */

/* Begin PBXSourcesBuildPhase section */
		A9C86D6D2C359EB400FFACC8 /* Sources */ = {
			isa = PBXSourcesBuildPhase;
			buildActionMask = 2147483647;
			files = (
				A9C86DA62C35A35600FFACC8 /* ContentView.swift in Sources */,
				A9C86DC32C35B6FC00FFACC8 /* Helpers.swift in Sources */,
				A9C86D752C359EB400FFACC8 /* GuidomiaApp.swift in Sources */,
				A9C86DB82C35AF7A00FFACC8 /* Strings+Generated.swift in Sources */,
				A9C86DB92C35AF7A00FFACC8 /* Fonts+Generated.swift in Sources */,
				A9C86DB72C35AF7A00FFACC8 /* Assets+Generated.swift in Sources */,
				A9C86DC12C35B6E700FFACC8 /* Constants.swift in Sources */,
			);
			runOnlyForDeploymentPostprocessing = 0;
		};
		A9C86D7E2C359EB500FFACC8 /* Sources */ = {
			isa = PBXSourcesBuildPhase;
			buildActionMask = 2147483647;
			files = (
				A9C86D872C359EB500FFACC8 /* GuidomiaTests.swift in Sources */,
			);
			runOnlyForDeploymentPostprocessing = 0;
		};
		A9C86D882C359EB500FFACC8 /* Sources */ = {
			isa = PBXSourcesBuildPhase;
			buildActionMask = 2147483647;
			files = (
				A9C86D932C359EB500FFACC8 /* GuidomiaUITestsLaunchTests.swift in Sources */,
				A9C86D912C359EB500FFACC8 /* GuidomiaUITests.swift in Sources */,
			);
			runOnlyForDeploymentPostprocessing = 0;
		};
/* End PBXSourcesBuildPhase section */

/* Begin PBXTargetDependency section */
		A9C86D842C359EB500FFACC8 /* PBXTargetDependency */ = {
			isa = PBXTargetDependency;
			target = A9C86D702C359EB400FFACC8 /* Guidomia */;
			targetProxy = A9C86D832C359EB500FFACC8 /* PBXContainerItemProxy */;
		};
		A9C86D8E2C359EB500FFACC8 /* PBXTargetDependency */ = {
			isa = PBXTargetDependency;
			target = A9C86D702C359EB400FFACC8 /* Guidomia */;
			targetProxy = A9C86D8D2C359EB500FFACC8 /* PBXContainerItemProxy */;
		};
/* End PBXTargetDependency section */

/* Begin XCBuildConfiguration section */
		A9C86D942C359EB500FFACC8 /* Debug */ = {
			isa = XCBuildConfiguration;
			buildSettings = {
				ALWAYS_SEARCH_USER_PATHS = NO;
				ASSETCATALOG_COMPILER_GENERATE_SWIFT_ASSET_SYMBOL_EXTENSIONS = YES;
				CLANG_ANALYZER_NONNULL = YES;
				CLANG_ANALYZER_NUMBER_OBJECT_CONVERSION = YES_AGGRESSIVE;
				CLANG_CXX_LANGUAGE_STANDARD = "gnu++20";
				CLANG_ENABLE_MODULES = YES;
				CLANG_ENABLE_OBJC_ARC = YES;
				CLANG_ENABLE_OBJC_WEAK = YES;
				CLANG_WARN_BLOCK_CAPTURE_AUTORELEASING = YES;
				CLANG_WARN_BOOL_CONVERSION = YES;
				CLANG_WARN_COMMA = YES;
				CLANG_WARN_CONSTANT_CONVERSION = YES;
				CLANG_WARN_DEPRECATED_OBJC_IMPLEMENTATIONS = YES;
				CLANG_WARN_DIRECT_OBJC_ISA_USAGE = YES_ERROR;
				CLANG_WARN_DOCUMENTATION_COMMENTS = YES;
				CLANG_WARN_EMPTY_BODY = YES;
				CLANG_WARN_ENUM_CONVERSION = YES;
				CLANG_WARN_INFINITE_RECURSION = YES;
				CLANG_WARN_INT_CONVERSION = YES;
				CLANG_WARN_NON_LITERAL_NULL_CONVERSION = YES;
				CLANG_WARN_OBJC_IMPLICIT_RETAIN_SELF = YES;
				CLANG_WARN_OBJC_LITERAL_CONVERSION = YES;
				CLANG_WARN_OBJC_ROOT_CLASS = YES_ERROR;
				CLANG_WARN_QUOTED_INCLUDE_IN_FRAMEWORK_HEADER = YES;
				CLANG_WARN_RANGE_LOOP_ANALYSIS = YES;
				CLANG_WARN_STRICT_PROTOTYPES = YES;
				CLANG_WARN_SUSPICIOUS_MOVE = YES;
				CLANG_WARN_UNGUARDED_AVAILABILITY = YES_AGGRESSIVE;
				CLANG_WARN_UNREACHABLE_CODE = YES;
				CLANG_WARN__DUPLICATE_METHOD_MATCH = YES;
				COPY_PHASE_STRIP = NO;
				DEBUG_INFORMATION_FORMAT = dwarf;
				ENABLE_STRICT_OBJC_MSGSEND = YES;
				ENABLE_TESTABILITY = YES;
				ENABLE_USER_SCRIPT_SANDBOXING = NO;
				GCC_C_LANGUAGE_STANDARD = gnu17;
				GCC_DYNAMIC_NO_PIC = NO;
				GCC_NO_COMMON_BLOCKS = YES;
				GCC_OPTIMIZATION_LEVEL = 0;
				GCC_PREPROCESSOR_DEFINITIONS = (
					"DEBUG=1",
					"$(inherited)",
				);
				GCC_WARN_64_TO_32_BIT_CONVERSION = YES;
				GCC_WARN_ABOUT_RETURN_TYPE = YES_ERROR;
				GCC_WARN_UNDECLARED_SELECTOR = YES;
				GCC_WARN_UNINITIALIZED_AUTOS = YES_AGGRESSIVE;
				GCC_WARN_UNUSED_FUNCTION = YES;
				GCC_WARN_UNUSED_VARIABLE = YES;
				LOCALIZATION_PREFERS_STRING_CATALOGS = YES;
				MTL_ENABLE_DEBUG_INFO = INCLUDE_SOURCE;
				MTL_FAST_MATH = YES;
				ONLY_ACTIVE_ARCH = YES;
				SWIFT_ACTIVE_COMPILATION_CONDITIONS = "DEBUG $(inherited)";
				SWIFT_OPTIMIZATION_LEVEL = "-Onone";
			};
			name = Debug;
		};
		A9C86D952C359EB500FFACC8 /* Release */ = {
			isa = XCBuildConfiguration;
			buildSettings = {
				ALWAYS_SEARCH_USER_PATHS = NO;
				ASSETCATALOG_COMPILER_GENERATE_SWIFT_ASSET_SYMBOL_EXTENSIONS = YES;
				CLANG_ANALYZER_NONNULL = YES;
				CLANG_ANALYZER_NUMBER_OBJECT_CONVERSION = YES_AGGRESSIVE;
				CLANG_CXX_LANGUAGE_STANDARD = "gnu++20";
				CLANG_ENABLE_MODULES = YES;
				CLANG_ENABLE_OBJC_ARC = YES;
				CLANG_ENABLE_OBJC_WEAK = YES;
				CLANG_WARN_BLOCK_CAPTURE_AUTORELEASING = YES;
				CLANG_WARN_BOOL_CONVERSION = YES;
				CLANG_WARN_COMMA = YES;
				CLANG_WARN_CONSTANT_CONVERSION = YES;
				CLANG_WARN_DEPRECATED_OBJC_IMPLEMENTATIONS = YES;
				CLANG_WARN_DIRECT_OBJC_ISA_USAGE = YES_ERROR;
				CLANG_WARN_DOCUMENTATION_COMMENTS = YES;
				CLANG_WARN_EMPTY_BODY = YES;
				CLANG_WARN_ENUM_CONVERSION = YES;
				CLANG_WARN_INFINITE_RECURSION = YES;
				CLANG_WARN_INT_CONVERSION = YES;
				CLANG_WARN_NON_LITERAL_NULL_CONVERSION = YES;
				CLANG_WARN_OBJC_IMPLICIT_RETAIN_SELF = YES;
				CLANG_WARN_OBJC_LITERAL_CONVERSION = YES;
				CLANG_WARN_OBJC_ROOT_CLASS = YES_ERROR;
				CLANG_WARN_QUOTED_INCLUDE_IN_FRAMEWORK_HEADER = YES;
				CLANG_WARN_RANGE_LOOP_ANALYSIS = YES;
				CLANG_WARN_STRICT_PROTOTYPES = YES;
				CLANG_WARN_SUSPICIOUS_MOVE = YES;
				CLANG_WARN_UNGUARDED_AVAILABILITY = YES_AGGRESSIVE;
				CLANG_WARN_UNREACHABLE_CODE = YES;
				CLANG_WARN__DUPLICATE_METHOD_MATCH = YES;
				COPY_PHASE_STRIP = NO;
				DEBUG_INFORMATION_FORMAT = "dwarf-with-dsym";
				ENABLE_NS_ASSERTIONS = NO;
				ENABLE_STRICT_OBJC_MSGSEND = YES;
				ENABLE_USER_SCRIPT_SANDBOXING = NO;
				GCC_C_LANGUAGE_STANDARD = gnu17;
				GCC_NO_COMMON_BLOCKS = YES;
				GCC_WARN_64_TO_32_BIT_CONVERSION = YES;
				GCC_WARN_ABOUT_RETURN_TYPE = YES_ERROR;
				GCC_WARN_UNDECLARED_SELECTOR = YES;
				GCC_WARN_UNINITIALIZED_AUTOS = YES_AGGRESSIVE;
				GCC_WARN_UNUSED_FUNCTION = YES;
				GCC_WARN_UNUSED_VARIABLE = YES;
				LOCALIZATION_PREFERS_STRING_CATALOGS = YES;
				MTL_ENABLE_DEBUG_INFO = NO;
				MTL_FAST_MATH = YES;
				SWIFT_COMPILATION_MODE = wholemodule;
			};
			name = Release;
		};
		A9C86D972C359EB500FFACC8 /* Debug */ = {
			isa = XCBuildConfiguration;
			buildSettings = {
				ASSETCATALOG_COMPILER_APPICON_NAME = AppIcon;
				ASSETCATALOG_COMPILER_GLOBAL_ACCENT_COLOR_NAME = AccentColor;
				CODE_SIGN_ENTITLEMENTS = Guidomia/Guidomia.entitlements;
				CODE_SIGN_STYLE = Automatic;
				CURRENT_PROJECT_VERSION = 1;
				DEVELOPMENT_ASSET_PATHS = "\"Guidomia/PreviewContent\"";
				ENABLE_PREVIEWS = YES;
				GENERATE_INFOPLIST_FILE = YES;
				"INFOPLIST_KEY_UIApplicationSceneManifest_Generation[sdk=iphoneos*]" = YES;
				"INFOPLIST_KEY_UIApplicationSceneManifest_Generation[sdk=iphonesimulator*]" = YES;
				"INFOPLIST_KEY_UIApplicationSupportsIndirectInputEvents[sdk=iphoneos*]" = YES;
				"INFOPLIST_KEY_UIApplicationSupportsIndirectInputEvents[sdk=iphonesimulator*]" = YES;
				"INFOPLIST_KEY_UILaunchScreen_Generation[sdk=iphoneos*]" = YES;
				"INFOPLIST_KEY_UILaunchScreen_Generation[sdk=iphonesimulator*]" = YES;
				"INFOPLIST_KEY_UIStatusBarStyle[sdk=iphoneos*]" = UIStatusBarStyleDefault;
				"INFOPLIST_KEY_UIStatusBarStyle[sdk=iphonesimulator*]" = UIStatusBarStyleDefault;
				INFOPLIST_KEY_UISupportedInterfaceOrientations = UIInterfaceOrientationPortrait;
				INFOPLIST_KEY_UISupportedInterfaceOrientations_iPad = "UIInterfaceOrientationLandscapeLeft UIInterfaceOrientationLandscapeRight UIInterfaceOrientationPortrait UIInterfaceOrientationPortraitUpsideDown";
				IPHONEOS_DEPLOYMENT_TARGET = 17.2;
				LD_RUNPATH_SEARCH_PATHS = "@executable_path/Frameworks";
				"LD_RUNPATH_SEARCH_PATHS[sdk=macosx*]" = "@executable_path/../Frameworks";
				MACOSX_DEPLOYMENT_TARGET = 14.2;
				MARKETING_VERSION = 1.0;
				PRODUCT_BUNDLE_IDENTIFIER = com.apple.guidomia.mobile;
				PRODUCT_NAME = "$(TARGET_NAME)";
				SDKROOT = auto;
				SUPPORTED_PLATFORMS = "iphoneos iphonesimulator";
				SUPPORTS_MACCATALYST = NO;
				SWIFT_EMIT_LOC_STRINGS = YES;
				SWIFT_VERSION = 5.0;
				TARGETED_DEVICE_FAMILY = 1;
			};
			name = Debug;
		};
		A9C86D982C359EB500FFACC8 /* Release */ = {
			isa = XCBuildConfiguration;
			buildSettings = {
				ASSETCATALOG_COMPILER_APPICON_NAME = AppIcon;
				ASSETCATALOG_COMPILER_GLOBAL_ACCENT_COLOR_NAME = AccentColor;
				CODE_SIGN_ENTITLEMENTS = Guidomia/Guidomia.entitlements;
				CODE_SIGN_STYLE = Automatic;
				CURRENT_PROJECT_VERSION = 1;
				DEVELOPMENT_ASSET_PATHS = "\"Guidomia/PreviewContent\"";
				ENABLE_PREVIEWS = YES;
				GENERATE_INFOPLIST_FILE = YES;
				"INFOPLIST_KEY_UIApplicationSceneManifest_Generation[sdk=iphoneos*]" = YES;
				"INFOPLIST_KEY_UIApplicationSceneManifest_Generation[sdk=iphonesimulator*]" = YES;
				"INFOPLIST_KEY_UIApplicationSupportsIndirectInputEvents[sdk=iphoneos*]" = YES;
				"INFOPLIST_KEY_UIApplicationSupportsIndirectInputEvents[sdk=iphonesimulator*]" = YES;
				"INFOPLIST_KEY_UILaunchScreen_Generation[sdk=iphoneos*]" = YES;
				"INFOPLIST_KEY_UILaunchScreen_Generation[sdk=iphonesimulator*]" = YES;
				"INFOPLIST_KEY_UIStatusBarStyle[sdk=iphoneos*]" = UIStatusBarStyleDefault;
				"INFOPLIST_KEY_UIStatusBarStyle[sdk=iphonesimulator*]" = UIStatusBarStyleDefault;
				INFOPLIST_KEY_UISupportedInterfaceOrientations = UIInterfaceOrientationPortrait;
				INFOPLIST_KEY_UISupportedInterfaceOrientations_iPad = "UIInterfaceOrientationLandscapeLeft UIInterfaceOrientationLandscapeRight UIInterfaceOrientationPortrait UIInterfaceOrientationPortraitUpsideDown";
				IPHONEOS_DEPLOYMENT_TARGET = 17.2;
				LD_RUNPATH_SEARCH_PATHS = "@executable_path/Frameworks";
				"LD_RUNPATH_SEARCH_PATHS[sdk=macosx*]" = "@executable_path/../Frameworks";
				MACOSX_DEPLOYMENT_TARGET = 14.2;
				MARKETING_VERSION = 1.0;
				PRODUCT_BUNDLE_IDENTIFIER = com.apple.guidomia.mobile;
				PRODUCT_NAME = "$(TARGET_NAME)";
				SDKROOT = auto;
				SUPPORTED_PLATFORMS = "iphoneos iphonesimulator";
				SUPPORTS_MACCATALYST = NO;
				SWIFT_EMIT_LOC_STRINGS = YES;
				SWIFT_VERSION = 5.0;
				TARGETED_DEVICE_FAMILY = 1;
			};
			name = Release;
		};
		A9C86D9A2C359EB500FFACC8 /* Debug */ = {
			isa = XCBuildConfiguration;
			buildSettings = {
				ALWAYS_EMBED_SWIFT_STANDARD_LIBRARIES = YES;
				BUNDLE_LOADER = "$(TEST_HOST)";
				CODE_SIGN_STYLE = Automatic;
				CURRENT_PROJECT_VERSION = 1;
				GENERATE_INFOPLIST_FILE = YES;
				IPHONEOS_DEPLOYMENT_TARGET = 17.2;
				MACOSX_DEPLOYMENT_TARGET = 14.2;
				MARKETING_VERSION = 1.0;
				PRODUCT_BUNDLE_IDENTIFIER = com.apple.GuidomiaTests;
				PRODUCT_NAME = "$(TARGET_NAME)";
				SDKROOT = auto;
				SUPPORTED_PLATFORMS = "iphoneos iphonesimulator macosx";
				SWIFT_EMIT_LOC_STRINGS = NO;
				SWIFT_VERSION = 5.0;
				TARGETED_DEVICE_FAMILY = "1,2";
				TEST_HOST = "$(BUILT_PRODUCTS_DIR)/Guidomia.app/$(BUNDLE_EXECUTABLE_FOLDER_PATH)/Guidomia";
			};
			name = Debug;
		};
		A9C86D9B2C359EB500FFACC8 /* Release */ = {
			isa = XCBuildConfiguration;
			buildSettings = {
				ALWAYS_EMBED_SWIFT_STANDARD_LIBRARIES = YES;
				BUNDLE_LOADER = "$(TEST_HOST)";
				CODE_SIGN_STYLE = Automatic;
				CURRENT_PROJECT_VERSION = 1;
				GENERATE_INFOPLIST_FILE = YES;
				IPHONEOS_DEPLOYMENT_TARGET = 17.2;
				MACOSX_DEPLOYMENT_TARGET = 14.2;
				MARKETING_VERSION = 1.0;
				PRODUCT_BUNDLE_IDENTIFIER = com.apple.GuidomiaTests;
				PRODUCT_NAME = "$(TARGET_NAME)";
				SDKROOT = auto;
				SUPPORTED_PLATFORMS = "iphoneos iphonesimulator macosx";
				SWIFT_EMIT_LOC_STRINGS = NO;
				SWIFT_VERSION = 5.0;
				TARGETED_DEVICE_FAMILY = "1,2";
				TEST_HOST = "$(BUILT_PRODUCTS_DIR)/Guidomia.app/$(BUNDLE_EXECUTABLE_FOLDER_PATH)/Guidomia";
			};
			name = Release;
		};
		A9C86D9D2C359EB500FFACC8 /* Debug */ = {
			isa = XCBuildConfiguration;
			buildSettings = {
				ALWAYS_EMBED_SWIFT_STANDARD_LIBRARIES = YES;
				CODE_SIGN_STYLE = Automatic;
				CURRENT_PROJECT_VERSION = 1;
				GENERATE_INFOPLIST_FILE = YES;
				IPHONEOS_DEPLOYMENT_TARGET = 17.2;
				MACOSX_DEPLOYMENT_TARGET = 14.2;
				MARKETING_VERSION = 1.0;
				PRODUCT_BUNDLE_IDENTIFIER = com.apple.GuidomiaUITests;
				PRODUCT_NAME = "$(TARGET_NAME)";
				SDKROOT = auto;
				SUPPORTED_PLATFORMS = "iphoneos iphonesimulator macosx";
				SWIFT_EMIT_LOC_STRINGS = NO;
				SWIFT_VERSION = 5.0;
				TARGETED_DEVICE_FAMILY = "1,2";
				TEST_TARGET_NAME = Guidomia;
			};
			name = Debug;
		};
		A9C86D9E2C359EB500FFACC8 /* Release */ = {
			isa = XCBuildConfiguration;
			buildSettings = {
				ALWAYS_EMBED_SWIFT_STANDARD_LIBRARIES = YES;
				CODE_SIGN_STYLE = Automatic;
				CURRENT_PROJECT_VERSION = 1;
				GENERATE_INFOPLIST_FILE = YES;
				IPHONEOS_DEPLOYMENT_TARGET = 17.2;
				MACOSX_DEPLOYMENT_TARGET = 14.2;
				MARKETING_VERSION = 1.0;
				PRODUCT_BUNDLE_IDENTIFIER = com.apple.GuidomiaUITests;
				PRODUCT_NAME = "$(TARGET_NAME)";
				SDKROOT = auto;
				SUPPORTED_PLATFORMS = "iphoneos iphonesimulator macosx";
				SWIFT_EMIT_LOC_STRINGS = NO;
				SWIFT_VERSION = 5.0;
				TARGETED_DEVICE_FAMILY = "1,2";
				TEST_TARGET_NAME = Guidomia;
			};
			name = Release;
		};
/* End XCBuildConfiguration section */

/* Begin XCConfigurationList section */
		A9C86D6C2C359EB400FFACC8 /* Build configuration list for PBXProject "Guidomia" */ = {
			isa = XCConfigurationList;
			buildConfigurations = (
				A9C86D942C359EB500FFACC8 /* Debug */,
				A9C86D952C359EB500FFACC8 /* Release */,
			);
			defaultConfigurationIsVisible = 0;
			defaultConfigurationName = Release;
		};
		A9C86D962C359EB500FFACC8 /* Build configuration list for PBXNativeTarget "Guidomia" */ = {
			isa = XCConfigurationList;
			buildConfigurations = (
				A9C86D972C359EB500FFACC8 /* Debug */,
				A9C86D982C359EB500FFACC8 /* Release */,
			);
			defaultConfigurationIsVisible = 0;
			defaultConfigurationName = Release;
		};
		A9C86D992C359EB500FFACC8 /* Build configuration list for PBXNativeTarget "GuidomiaTests" */ = {
			isa = XCConfigurationList;
			buildConfigurations = (
				A9C86D9A2C359EB500FFACC8 /* Debug */,
				A9C86D9B2C359EB500FFACC8 /* Release */,
			);
			defaultConfigurationIsVisible = 0;
			defaultConfigurationName = Release;
		};
		A9C86D9C2C359EB500FFACC8 /* Build configuration list for PBXNativeTarget "GuidomiaUITests" */ = {
			isa = XCConfigurationList;
			buildConfigurations = (
				A9C86D9D2C359EB500FFACC8 /* Debug */,
				A9C86D9E2C359EB500FFACC8 /* Release */,
			);
			defaultConfigurationIsVisible = 0;
			defaultConfigurationName = Release;
		};
/* End XCConfigurationList section */
	};
	rootObject = A9C86D692C359EB400FFACC8 /* Project object */;
}
